{
  "object": {
    "pins": [
      {
        "package": "HAClient",
        "repositoryURL": "https://github.com/c-st/HAClient",
        "state": {
          "branch": "master",
          "revision": "05c4ae85bca2962b27ed0485dea5983e0117c463",
          "version": null
        }
      }
    ]
  },
  "version": 1
}
