{
  "object": {
    "pins": [
      {
        "package": "HAClient",
        "repositoryURL": "https://github.com/c-st/HAClient",
        "state": {
          "branch": "master",
          "revision": "ed46aa96e6f5acbac09be850714a1ab14bcde8e0",
          "version": null
        }
      }
    ]
  },
  "version": 1
}
